{
  "name": "website",
  "version": "1.0.0",
  "lockfileVersion": 3,
  "requires": true,
  "packages": {
    "": {
      "name": "website",
      "version": "1.0.0",
      "dependencies": {
        "time-stamp": "2.2.0"
      }
    },
    "node_modules/time-stamp": {
      "version": "2.2.0",
      "resolved": "https://registry.npmjs.org/time-stamp/-/time-stamp-2.2.0.tgz",
      "integrity": "sha512-zxke8goJQpBeEgD82CXABeMh0LSJcj7CXEd0OHOg45HgcofF7pxNwZm9+RknpxpDhwN4gFpySkApKfFYfRQnUA==",
      "license": "MIT",
      "engines": {
        "node": ">=0.10.0"
      }
    }
  }
}
